
Microsoft Visual Studio Solution File, Format Version 12.00
# Visual Studio 15
VisualStudioVersion = 15.0.27428.2037
MinimumVisualStudioVersion = 10.0.40219.1
Project("{FAE04EC0-301F-11D3-BF4B-00C04F79EFBC}") = "Meghan_WeatherApp.Android", "Meghan_WeatherApp\Meghan_WeatherApp.Android\Meghan_WeatherApp.Android.csproj", "{BEB6F5C5-372F-4EE5-BCA5-3AF81BEB259A}"
EndProject
Project("{FAE04EC0-301F-11D3-BF4B-00C04F79EFBC}") = "Meghan_WeatherApp.iOS", "Meghan_WeatherApp\Meghan_WeatherApp.iOS\Meghan_WeatherApp.iOS.csproj", "{C0B561A5-3E2A-4DE4-8D0F-6B4AABD6D77E}"
EndProject
Project("{FAE04EC0-301F-11D3-BF4B-00C04F79EFBC}") = "Meghan_WeatherApp.UWP", "Meghan_WeatherApp\Meghan_WeatherApp.UWP\Meghan_WeatherApp.UWP.csproj", "{EC13A3FF-E6BB-42E2-90F3-7A3C87DCADF5}"
EndProject
Project("{FAE04EC0-301F-11D3-BF4B-00C04F79EFBC}") = "Meghan_WeatherApp", "Meghan_WeatherApp\Meghan_WeatherApp\Meghan_WeatherApp.csproj", "{71150489-A46F-4AAB-B35C-409791E7FE96}"
EndProject
Global
	GlobalSection(SolutionConfigurationPlatforms) = preSolution
		Ad-Hoc|Any CPU = Ad-Hoc|Any CPU
		Ad-Hoc|ARM = Ad-Hoc|ARM
		Ad-Hoc|iPhone = Ad-Hoc|iPhone
		Ad-Hoc|iPhoneSimulator = Ad-Hoc|iPhoneSimulator
		Ad-Hoc|x64 = Ad-Hoc|x64
		Ad-Hoc|x86 = Ad-Hoc|x86
		AppStore|Any CPU = AppStore|Any CPU
		AppStore|ARM = AppStore|ARM
		AppStore|iPhone = AppStore|iPhone
		AppStore|iPhoneSimulator = AppStore|iPhoneSimulator
		AppStore|x64 = AppStore|x64
		AppStore|x86 = AppStore|x86
		Debug|Any CPU = Debug|Any CPU
		Debug|ARM = Debug|ARM
		Debug|iPhone = Debug|iPhone
		Debug|iPhoneSimulator = Debug|iPhoneSimulator
		Debug|x64 = Debug|x64
		Debug|x86 = Debug|x86
		Release|Any CPU = Release|Any CPU
		Release|ARM = Release|ARM
		Release|iPhone = Release|iPhone
		Release|iPhoneSimulator = Release|iPhoneSimulator
		Release|x64 = Release|x64
		Release|x86 = Release|x86
	EndGlobalSection
	GlobalSection(ProjectConfigurationPlatforms) = postSolution
		{BEB6F5C5-372F-4EE5-BCA5-3AF81BEB259A}.Ad-Hoc|Any CPU.ActiveCfg = Release|Any CPU
		{BEB6F5C5-372F-4EE5-BCA5-3AF81BEB259A}.Ad-Hoc|Any CPU.Build.0 = Release|Any CPU
		{BEB6F5C5-372F-4EE5-BCA5-3AF81BEB259A}.Ad-Hoc|Any CPU.Deploy.0 = Release|Any CPU
		{BEB6F5C5-372F-4EE5-BCA5-3AF81BEB259A}.Ad-Hoc|ARM.ActiveCfg = Release|Any CPU
		{BEB6F5C5-372F-4EE5-BCA5-3AF81BEB259A}.Ad-Hoc|ARM.Build.0 = Release|Any CPU
		{BEB6F5C5-372F-4EE5-BCA5-3AF81BEB259A}.Ad-Hoc|ARM.Deploy.0 = Release|Any CPU
		{BEB6F5C5-372F-4EE5-BCA5-3AF81BEB259A}.Ad-Hoc|iPhone.ActiveCfg = Release|Any CPU
		{BEB6F5C5-372F-4EE5-BCA5-3AF81BEB259A}.Ad-Hoc|iPhone.Build.0 = Release|Any CPU
		{BEB6F5C5-372F-4EE5-BCA5-3AF81BEB259A}.Ad-Hoc|iPhone.Deploy.0 = Release|Any CPU
		{BEB6F5C5-372F-4EE5-BCA5-3AF81BEB259A}.Ad-Hoc|iPhoneSimulator.ActiveCfg = Release|Any CPU
		{BEB6F5C5-372F-4EE5-BCA5-3AF81BEB259A}.Ad-Hoc|iPhoneSimulator.Build.0 = Release|Any CPU
		{BEB6F5C5-372F-4EE5-BCA5-3AF81BEB259A}.Ad-Hoc|iPhoneSimulator.Deploy.0 = Release|Any CPU
		{BEB6F5C5-372F-4EE5-BCA5-3AF81BEB259A}.Ad-Hoc|x64.ActiveCfg = Release|Any CPU
		{BEB6F5C5-372F-4EE5-BCA5-3AF81BEB259A}.Ad-Hoc|x64.Build.0 = Release|Any CPU
		{BEB6F5C5-372F-4EE5-BCA5-3AF81BEB259A}.Ad-Hoc|x64.Deploy.0 = Release|Any CPU
		{BEB6F5C5-372F-4EE5-BCA5-3AF81BEB259A}.Ad-Hoc|x86.ActiveCfg = Release|Any CPU
		{BEB6F5C5-372F-4EE5-BCA5-3AF81BEB259A}.Ad-Hoc|x86.Build.0 = Release|Any CPU
		{BEB6F5C5-372F-4EE5-BCA5-3AF81BEB259A}.Ad-Hoc|x86.Deploy.0 = Release|Any CPU
		{BEB6F5C5-372F-4EE5-BCA5-3AF81BEB259A}.AppStore|Any CPU.ActiveCfg = Release|Any CPU
		{BEB6F5C5-372F-4EE5-BCA5-3AF81BEB259A}.AppStore|Any CPU.Build.0 = Release|Any CPU
		{BEB6F5C5-372F-4EE5-BCA5-3AF81BEB259A}.AppStore|Any CPU.Deploy.0 = Release|Any CPU
		{BEB6F5C5-372F-4EE5-BCA5-3AF81BEB259A}.AppStore|ARM.ActiveCfg = Release|Any CPU
		{BEB6F5C5-372F-4EE5-BCA5-3AF81BEB259A}.AppStore|ARM.Build.0 = Release|Any CPU
		{BEB6F5C5-372F-4EE5-BCA5-3AF81BEB259A}.AppStore|ARM.Deploy.0 = Release|Any CPU
		{BEB6F5C5-372F-4EE5-BCA5-3AF81BEB259A}.AppStore|iPhone.ActiveCfg = Release|Any CPU
		{BEB6F5C5-372F-4EE5-BCA5-3AF81BEB259A}.AppStore|iPhone.Build.0 = Release|Any CPU
		{BEB6F5C5-372F-4EE5-BCA5-3AF81BEB259A}.AppStore|iPhone.Deploy.0 = Release|Any CPU
		{BEB6F5C5-372F-4EE5-BCA5-3AF81BEB259A}.AppStore|iPhoneSimulator.ActiveCfg = Release|Any CPU
		{BEB6F5C5-372F-4EE5-BCA5-3AF81BEB259A}.AppStore|iPhoneSimulator.Build.0 = Release|Any CPU
		{BEB6F5C5-372F-4EE5-BCA5-3AF81BEB259A}.AppStore|iPhoneSimulator.Deploy.0 = Release|Any CPU
		{BEB6F5C5-372F-4EE5-BCA5-3AF81BEB259A}.AppStore|x64.ActiveCfg = Release|Any CPU
		{BEB6F5C5-372F-4EE5-BCA5-3AF81BEB259A}.AppStore|x64.Build.0 = Release|Any CPU
		{BEB6F5C5-372F-4EE5-BCA5-3AF81BEB259A}.AppStore|x64.Deploy.0 = Release|Any CPU
		{BEB6F5C5-372F-4EE5-BCA5-3AF81BEB259A}.AppStore|x86.ActiveCfg = Release|Any CPU
		{BEB6F5C5-372F-4EE5-BCA5-3AF81BEB259A}.AppStore|x86.Build.0 = Release|Any CPU
		{BEB6F5C5-372F-4EE5-BCA5-3AF81BEB259A}.AppStore|x86.Deploy.0 = Release|Any CPU
		{BEB6F5C5-372F-4EE5-BCA5-3AF81BEB259A}.Debug|Any CPU.ActiveCfg = Debug|Any CPU
		{BEB6F5C5-372F-4EE5-BCA5-3AF81BEB259A}.Debug|Any CPU.Build.0 = Debug|Any CPU
		{BEB6F5C5-372F-4EE5-BCA5-3AF81BEB259A}.Debug|Any CPU.Deploy.0 = Debug|Any CPU
		{BEB6F5C5-372F-4EE5-BCA5-3AF81BEB259A}.Debug|ARM.ActiveCfg = Debug|Any CPU
		{BEB6F5C5-372F-4EE5-BCA5-3AF81BEB259A}.Debug|ARM.Build.0 = Debug|Any CPU
		{BEB6F5C5-372F-4EE5-BCA5-3AF81BEB259A}.Debug|ARM.Deploy.0 = Debug|Any CPU
		{BEB6F5C5-372F-4EE5-BCA5-3AF81BEB259A}.Debug|iPhone.ActiveCfg = Debug|Any CPU
		{BEB6F5C5-372F-4EE5-BCA5-3AF81BEB259A}.Debug|iPhone.Build.0 = Debug|Any CPU
		{BEB6F5C5-372F-4EE5-BCA5-3AF81BEB259A}.Debug|iPhone.Deploy.0 = Debug|Any CPU
		{BEB6F5C5-372F-4EE5-BCA5-3AF81BEB259A}.Debug|iPhoneSimulator.ActiveCfg = Debug|Any CPU
		{BEB6F5C5-372F-4EE5-BCA5-3AF81BEB259A}.Debug|iPhoneSimulator.Build.0 = Debug|Any CPU
		{BEB6F5C5-372F-4EE5-BCA5-3AF81BEB259A}.Debug|iPhoneSimulator.Deploy.0 = Debug|Any CPU
		{BEB6F5C5-372F-4EE5-BCA5-3AF81BEB259A}.Debug|x64.ActiveCfg = Debug|Any CPU
		{BEB6F5C5-372F-4EE5-BCA5-3AF81BEB259A}.Debug|x64.Build.0 = Debug|Any CPU
		{BEB6F5C5-372F-4EE5-BCA5-3AF81BEB259A}.Debug|x64.Deploy.0 = Debug|Any CPU
		{BEB6F5C5-372F-4EE5-BCA5-3AF81BEB259A}.Debug|x86.ActiveCfg = Debug|Any CPU
		{BEB6F5C5-372F-4EE5-BCA5-3AF81BEB259A}.Debug|x86.Build.0 = Debug|Any CPU
		{BEB6F5C5-372F-4EE5-BCA5-3AF81BEB259A}.Debug|x86.Deploy.0 = Debug|Any CPU
		{BEB6F5C5-372F-4EE5-BCA5-3AF81BEB259A}.Release|Any CPU.ActiveCfg = Release|Any CPU
		{BEB6F5C5-372F-4EE5-BCA5-3AF81BEB259A}.Release|Any CPU.Build.0 = Release|Any CPU
		{BEB6F5C5-372F-4EE5-BCA5-3AF81BEB259A}.Release|Any CPU.Deploy.0 = Release|Any CPU
		{BEB6F5C5-372F-4EE5-BCA5-3AF81BEB259A}.Release|ARM.ActiveCfg = Release|Any CPU
		{BEB6F5C5-372F-4EE5-BCA5-3AF81BEB259A}.Release|ARM.Build.0 = Release|Any CPU
		{BEB6F5C5-372F-4EE5-BCA5-3AF81BEB259A}.Release|ARM.Deploy.0 = Release|Any CPU
		{BEB6F5C5-372F-4EE5-BCA5-3AF81BEB259A}.Release|iPhone.ActiveCfg = Release|Any CPU
		{BEB6F5C5-372F-4EE5-BCA5-3AF81BEB259A}.Release|iPhone.Build.0 = Release|Any CPU
		{BEB6F5C5-372F-4EE5-BCA5-3AF81BEB259A}.Release|iPhone.Deploy.0 = Release|Any CPU
		{BEB6F5C5-372F-4EE5-BCA5-3AF81BEB259A}.Release|iPhoneSimulator.ActiveCfg = Release|Any CPU
		{BEB6F5C5-372F-4EE5-BCA5-3AF81BEB259A}.Release|iPhoneSimulator.Build.0 = Release|Any CPU
		{BEB6F5C5-372F-4EE5-BCA5-3AF81BEB259A}.Release|iPhoneSimulator.Deploy.0 = Release|Any CPU
		{BEB6F5C5-372F-4EE5-BCA5-3AF81BEB259A}.Release|x64.ActiveCfg = Release|Any CPU
		{BEB6F5C5-372F-4EE5-BCA5-3AF81BEB259A}.Release|x64.Build.0 = Release|Any CPU
		{BEB6F5C5-372F-4EE5-BCA5-3AF81BEB259A}.Release|x64.Deploy.0 = Release|Any CPU
		{BEB6F5C5-372F-4EE5-BCA5-3AF81BEB259A}.Release|x86.ActiveCfg = Release|Any CPU
		{BEB6F5C5-372F-4EE5-BCA5-3AF81BEB259A}.Release|x86.Build.0 = Release|Any CPU
		{BEB6F5C5-372F-4EE5-BCA5-3AF81BEB259A}.Release|x86.Deploy.0 = Release|Any CPU
		{C0B561A5-3E2A-4DE4-8D0F-6B4AABD6D77E}.Ad-Hoc|Any CPU.ActiveCfg = Ad-Hoc|iPhone
		{C0B561A5-3E2A-4DE4-8D0F-6B4AABD6D77E}.Ad-Hoc|ARM.ActiveCfg = Ad-Hoc|iPhone
		{C0B561A5-3E2A-4DE4-8D0F-6B4AABD6D77E}.Ad-Hoc|iPhone.ActiveCfg = Ad-Hoc|iPhone
		{C0B561A5-3E2A-4DE4-8D0F-6B4AABD6D77E}.Ad-Hoc|iPhone.Build.0 = Ad-Hoc|iPhone
		{C0B561A5-3E2A-4DE4-8D0F-6B4AABD6D77E}.Ad-Hoc|iPhoneSimulator.ActiveCfg = Ad-Hoc|iPhoneSimulator
		{C0B561A5-3E2A-4DE4-8D0F-6B4AABD6D77E}.Ad-Hoc|iPhoneSimulator.Build.0 = Ad-Hoc|iPhoneSimulator
		{C0B561A5-3E2A-4DE4-8D0F-6B4AABD6D77E}.Ad-Hoc|x64.ActiveCfg = Ad-Hoc|iPhone
		{C0B561A5-3E2A-4DE4-8D0F-6B4AABD6D77E}.Ad-Hoc|x86.ActiveCfg = Ad-Hoc|iPhone
		{C0B561A5-3E2A-4DE4-8D0F-6B4AABD6D77E}.AppStore|Any CPU.ActiveCfg = AppStore|iPhone
		{C0B561A5-3E2A-4DE4-8D0F-6B4AABD6D77E}.AppStore|ARM.ActiveCfg = AppStore|iPhone
		{C0B561A5-3E2A-4DE4-8D0F-6B4AABD6D77E}.AppStore|iPhone.ActiveCfg = AppStore|iPhone
		{C0B561A5-3E2A-4DE4-8D0F-6B4AABD6D77E}.AppStore|iPhone.Build.0 = AppStore|iPhone
		{C0B561A5-3E2A-4DE4-8D0F-6B4AABD6D77E}.AppStore|iPhoneSimulator.ActiveCfg = AppStore|iPhoneSimulator
		{C0B561A5-3E2A-4DE4-8D0F-6B4AABD6D77E}.AppStore|iPhoneSimulator.Build.0 = AppStore|iPhoneSimulator
		{C0B561A5-3E2A-4DE4-8D0F-6B4AABD6D77E}.AppStore|x64.ActiveCfg = AppStore|iPhone
		{C0B561A5-3E2A-4DE4-8D0F-6B4AABD6D77E}.AppStore|x86.ActiveCfg = AppStore|iPhone
		{C0B561A5-3E2A-4DE4-8D0F-6B4AABD6D77E}.Debug|Any CPU.ActiveCfg = Debug|iPhone
		{C0B561A5-3E2A-4DE4-8D0F-6B4AABD6D77E}.Debug|ARM.ActiveCfg = Debug|iPhone
		{C0B561A5-3E2A-4DE4-8D0F-6B4AABD6D77E}.Debug|iPhone.ActiveCfg = Debug|iPhone
		{C0B561A5-3E2A-4DE4-8D0F-6B4AABD6D77E}.Debug|iPhone.Build.0 = Debug|iPhone
		{C0B561A5-3E2A-4DE4-8D0F-6B4AABD6D77E}.Debug|iPhoneSimulator.ActiveCfg = Debug|iPhoneSimulator
		{C0B561A5-3E2A-4DE4-8D0F-6B4AABD6D77E}.Debug|iPhoneSimulator.Build.0 = Debug|iPhoneSimulator
		{C0B561A5-3E2A-4DE4-8D0F-6B4AABD6D77E}.Debug|x64.ActiveCfg = Debug|iPhone
		{C0B561A5-3E2A-4DE4-8D0F-6B4AABD6D77E}.Debug|x86.ActiveCfg = Debug|iPhone
		{C0B561A5-3E2A-4DE4-8D0F-6B4AABD6D77E}.Release|Any CPU.ActiveCfg = Release|iPhone
		{C0B561A5-3E2A-4DE4-8D0F-6B4AABD6D77E}.Release|ARM.ActiveCfg = Release|iPhone
		{C0B561A5-3E2A-4DE4-8D0F-6B4AABD6D77E}.Release|iPhone.ActiveCfg = Release|iPhone
		{C0B561A5-3E2A-4DE4-8D0F-6B4AABD6D77E}.Release|iPhone.Build.0 = Release|iPhone
		{C0B561A5-3E2A-4DE4-8D0F-6B4AABD6D77E}.Release|iPhoneSimulator.ActiveCfg = Release|iPhoneSimulator
		{C0B561A5-3E2A-4DE4-8D0F-6B4AABD6D77E}.Release|iPhoneSimulator.Build.0 = Release|iPhoneSimulator
		{C0B561A5-3E2A-4DE4-8D0F-6B4AABD6D77E}.Release|x64.ActiveCfg = Release|iPhone
		{C0B561A5-3E2A-4DE4-8D0F-6B4AABD6D77E}.Release|x86.ActiveCfg = Release|iPhone
		{EC13A3FF-E6BB-42E2-90F3-7A3C87DCADF5}.Ad-Hoc|Any CPU.ActiveCfg = Release|x86
		{EC13A3FF-E6BB-42E2-90F3-7A3C87DCADF5}.Ad-Hoc|Any CPU.Build.0 = Release|x86
		{EC13A3FF-E6BB-42E2-90F3-7A3C87DCADF5}.Ad-Hoc|Any CPU.Deploy.0 = Release|x86
		{EC13A3FF-E6BB-42E2-90F3-7A3C87DCADF5}.Ad-Hoc|ARM.ActiveCfg = Release|ARM
		{EC13A3FF-E6BB-42E2-90F3-7A3C87DCADF5}.Ad-Hoc|ARM.Build.0 = Release|ARM
		{EC13A3FF-E6BB-42E2-90F3-7A3C87DCADF5}.Ad-Hoc|ARM.Deploy.0 = Release|ARM
		{EC13A3FF-E6BB-42E2-90F3-7A3C87DCADF5}.Ad-Hoc|iPhone.ActiveCfg = Release|x86
		{EC13A3FF-E6BB-42E2-90F3-7A3C87DCADF5}.Ad-Hoc|iPhone.Build.0 = Release|x86
		{EC13A3FF-E6BB-42E2-90F3-7A3C87DCADF5}.Ad-Hoc|iPhone.Deploy.0 = Release|x86
		{EC13A3FF-E6BB-42E2-90F3-7A3C87DCADF5}.Ad-Hoc|iPhoneSimulator.ActiveCfg = Release|x86
		{EC13A3FF-E6BB-42E2-90F3-7A3C87DCADF5}.Ad-Hoc|iPhoneSimulator.Build.0 = Release|x86
		{EC13A3FF-E6BB-42E2-90F3-7A3C87DCADF5}.Ad-Hoc|iPhoneSimulator.Deploy.0 = Release|x86
		{EC13A3FF-E6BB-42E2-90F3-7A3C87DCADF5}.Ad-Hoc|x64.ActiveCfg = Release|x64
		{EC13A3FF-E6BB-42E2-90F3-7A3C87DCADF5}.Ad-Hoc|x64.Build.0 = Release|x64
		{EC13A3FF-E6BB-42E2-90F3-7A3C87DCADF5}.Ad-Hoc|x64.Deploy.0 = Release|x64
		{EC13A3FF-E6BB-42E2-90F3-7A3C87DCADF5}.Ad-Hoc|x86.ActiveCfg = Release|x86
		{EC13A3FF-E6BB-42E2-90F3-7A3C87DCADF5}.Ad-Hoc|x86.Build.0 = Release|x86
		{EC13A3FF-E6BB-42E2-90F3-7A3C87DCADF5}.Ad-Hoc|x86.Deploy.0 = Release|x86
		{EC13A3FF-E6BB-42E2-90F3-7A3C87DCADF5}.AppStore|Any CPU.ActiveCfg = Release|x86
		{EC13A3FF-E6BB-42E2-90F3-7A3C87DCADF5}.AppStore|Any CPU.Build.0 = Release|x86
		{EC13A3FF-E6BB-42E2-90F3-7A3C87DCADF5}.AppStore|Any CPU.Deploy.0 = Release|x86
		{EC13A3FF-E6BB-42E2-90F3-7A3C87DCADF5}.AppStore|ARM.ActiveCfg = Release|ARM
		{EC13A3FF-E6BB-42E2-90F3-7A3C87DCADF5}.AppStore|ARM.Build.0 = Release|ARM
		{EC13A3FF-E6BB-42E2-90F3-7A3C87DCADF5}.AppStore|ARM.Deploy.0 = Release|ARM
		{EC13A3FF-E6BB-42E2-90F3-7A3C87DCADF5}.AppStore|iPhone.ActiveCfg = Release|x86
		{EC13A3FF-E6BB-42E2-90F3-7A3C87DCADF5}.AppStore|iPhone.Build.0 = Release|x86
		{EC13A3FF-E6BB-42E2-90F3-7A3C87DCADF5}.AppStore|iPhone.Deploy.0 = Release|x86
		{EC13A3FF-E6BB-42E2-90F3-7A3C87DCADF5}.AppStore|iPhoneSimulator.ActiveCfg = Release|x86
		{EC13A3FF-E6BB-42E2-90F3-7A3C87DCADF5}.AppStore|iPhoneSimulator.Build.0 = Release|x86
		{EC13A3FF-E6BB-42E2-90F3-7A3C87DCADF5}.AppStore|iPhoneSimulator.Deploy.0 = Release|x86
		{EC13A3FF-E6BB-42E2-90F3-7A3C87DCADF5}.AppStore|x64.ActiveCfg = Release|x64
		{EC13A3FF-E6BB-42E2-90F3-7A3C87DCADF5}.AppStore|x64.Build.0 = Release|x64
		{EC13A3FF-E6BB-42E2-90F3-7A3C87DCADF5}.AppStore|x64.Deploy.0 = Release|x64
		{EC13A3FF-E6BB-42E2-90F3-7A3C87DCADF5}.AppStore|x86.ActiveCfg = Release|x86
		{EC13A3FF-E6BB-42E2-90F3-7A3C87DCADF5}.AppStore|x86.Build.0 = Release|x86
		{EC13A3FF-E6BB-42E2-90F3-7A3C87DCADF5}.AppStore|x86.Deploy.0 = Release|x86
		{EC13A3FF-E6BB-42E2-90F3-7A3C87DCADF5}.Debug|Any CPU.ActiveCfg = Debug|x86
		{EC13A3FF-E6BB-42E2-90F3-7A3C87DCADF5}.Debug|ARM.ActiveCfg = Debug|ARM
		{EC13A3FF-E6BB-42E2-90F3-7A3C87DCADF5}.Debug|ARM.Build.0 = Debug|ARM
		{EC13A3FF-E6BB-42E2-90F3-7A3C87DCADF5}.Debug|ARM.Deploy.0 = Debug|ARM
		{EC13A3FF-E6BB-42E2-90F3-7A3C87DCADF5}.Debug|iPhone.ActiveCfg = Debug|x86
		{EC13A3FF-E6BB-42E2-90F3-7A3C87DCADF5}.Debug|iPhoneSimulator.ActiveCfg = Debug|x86
		{EC13A3FF-E6BB-42E2-90F3-7A3C87DCADF5}.Debug|x64.ActiveCfg = Debug|x64
		{EC13A3FF-E6BB-42E2-90F3-7A3C87DCADF5}.Debug|x64.Build.0 = Debug|x64
		{EC13A3FF-E6BB-42E2-90F3-7A3C87DCADF5}.Debug|x64.Deploy.0 = Debug|x64
		{EC13A3FF-E6BB-42E2-90F3-7A3C87DCADF5}.Debug|x86.ActiveCfg = Debug|x86
		{EC13A3FF-E6BB-42E2-90F3-7A3C87DCADF5}.Debug|x86.Build.0 = Debug|x86
		{EC13A3FF-E6BB-42E2-90F3-7A3C87DCADF5}.Debug|x86.Deploy.0 = Debug|x86
		{EC13A3FF-E6BB-42E2-90F3-7A3C87DCADF5}.Release|Any CPU.ActiveCfg = Release|x86
		{EC13A3FF-E6BB-42E2-90F3-7A3C87DCADF5}.Release|ARM.ActiveCfg = Release|ARM
		{EC13A3FF-E6BB-42E2-90F3-7A3C87DCADF5}.Release|ARM.Build.0 = Release|ARM
		{EC13A3FF-E6BB-42E2-90F3-7A3C87DCADF5}.Release|ARM.Deploy.0 = Release|ARM
		{EC13A3FF-E6BB-42E2-90F3-7A3C87DCADF5}.Release|iPhone.ActiveCfg = Release|x86
		{EC13A3FF-E6BB-42E2-90F3-7A3C87DCADF5}.Release|iPhoneSimulator.ActiveCfg = Release|x86
		{EC13A3FF-E6BB-42E2-90F3-7A3C87DCADF5}.Release|x64.ActiveCfg = Release|x64
		{EC13A3FF-E6BB-42E2-90F3-7A3C87DCADF5}.Release|x64.Build.0 = Release|x64
		{EC13A3FF-E6BB-42E2-90F3-7A3C87DCADF5}.Release|x64.Deploy.0 = Release|x64
		{EC13A3FF-E6BB-42E2-90F3-7A3C87DCADF5}.Release|x86.ActiveCfg = Release|x86
		{EC13A3FF-E6BB-42E2-90F3-7A3C87DCADF5}.Release|x86.Build.0 = Release|x86
		{EC13A3FF-E6BB-42E2-90F3-7A3C87DCADF5}.Release|x86.Deploy.0 = Release|x86
		{71150489-A46F-4AAB-B35C-409791E7FE96}.Ad-Hoc|Any CPU.ActiveCfg = Debug|Any CPU
		{71150489-A46F-4AAB-B35C-409791E7FE96}.Ad-Hoc|Any CPU.Build.0 = Debug|Any CPU
		{71150489-A46F-4AAB-B35C-409791E7FE96}.Ad-Hoc|ARM.ActiveCfg = Debug|Any CPU
		{71150489-A46F-4AAB-B35C-409791E7FE96}.Ad-Hoc|ARM.Build.0 = Debug|Any CPU
		{71150489-A46F-4AAB-B35C-409791E7FE96}.Ad-Hoc|iPhone.ActiveCfg = Debug|Any CPU
		{71150489-A46F-4AAB-B35C-409791E7FE96}.Ad-Hoc|iPhone.Build.0 = Debug|Any CPU
		{71150489-A46F-4AAB-B35C-409791E7FE96}.Ad-Hoc|iPhoneSimulator.ActiveCfg = Debug|Any CPU
		{71150489-A46F-4AAB-B35C-409791E7FE96}.Ad-Hoc|iPhoneSimulator.Build.0 = Debug|Any CPU
		{71150489-A46F-4AAB-B35C-409791E7FE96}.Ad-Hoc|x64.ActiveCfg = Debug|Any CPU
		{71150489-A46F-4AAB-B35C-409791E7FE96}.Ad-Hoc|x64.Build.0 = Debug|Any CPU
		{71150489-A46F-4AAB-B35C-409791E7FE96}.Ad-Hoc|x86.ActiveCfg = Debug|Any CPU
		{71150489-A46F-4AAB-B35C-409791E7FE96}.Ad-Hoc|x86.Build.0 = Debug|Any CPU
		{71150489-A46F-4AAB-B35C-409791E7FE96}.AppStore|Any CPU.ActiveCfg = Debug|Any CPU
		{71150489-A46F-4AAB-B35C-409791E7FE96}.AppStore|Any CPU.Build.0 = Debug|Any CPU
		{71150489-A46F-4AAB-B35C-409791E7FE96}.AppStore|ARM.ActiveCfg = Debug|Any CPU
		{71150489-A46F-4AAB-B35C-409791E7FE96}.AppStore|ARM.Build.0 = Debug|Any CPU
		{71150489-A46F-4AAB-B35C-409791E7FE96}.AppStore|iPhone.ActiveCfg = Debug|Any CPU
		{71150489-A46F-4AAB-B35C-409791E7FE96}.AppStore|iPhone.Build.0 = Debug|Any CPU
		{71150489-A46F-4AAB-B35C-409791E7FE96}.AppStore|iPhoneSimulator.ActiveCfg = Debug|Any CPU
		{71150489-A46F-4AAB-B35C-409791E7FE96}.AppStore|iPhoneSimulator.Build.0 = Debug|Any CPU
		{71150489-A46F-4AAB-B35C-409791E7FE96}.AppStore|x64.ActiveCfg = Debug|Any CPU
		{71150489-A46F-4AAB-B35C-409791E7FE96}.AppStore|x64.Build.0 = Debug|Any CPU
		{71150489-A46F-4AAB-B35C-409791E7FE96}.AppStore|x86.ActiveCfg = Debug|Any CPU
		{71150489-A46F-4AAB-B35C-409791E7FE96}.AppStore|x86.Build.0 = Debug|Any CPU
		{71150489-A46F-4AAB-B35C-409791E7FE96}.Debug|Any CPU.ActiveCfg = Debug|Any CPU
		{71150489-A46F-4AAB-B35C-409791E7FE96}.Debug|Any CPU.Build.0 = Debug|Any CPU
		{71150489-A46F-4AAB-B35C-409791E7FE96}.Debug|ARM.ActiveCfg = Debug|Any CPU
		{71150489-A46F-4AAB-B35C-409791E7FE96}.Debug|ARM.Build.0 = Debug|Any CPU
		{71150489-A46F-4AAB-B35C-409791E7FE96}.Debug|iPhone.ActiveCfg = Debug|Any CPU
		{71150489-A46F-4AAB-B35C-409791E7FE96}.Debug|iPhone.Build.0 = Debug|Any CPU
		{71150489-A46F-4AAB-B35C-409791E7FE96}.Debug|iPhoneSimulator.ActiveCfg = Debug|Any CPU
		{71150489-A46F-4AAB-B35C-409791E7FE96}.Debug|iPhoneSimulator.Build.0 = Debug|Any CPU
		{71150489-A46F-4AAB-B35C-409791E7FE96}.Debug|x64.ActiveCfg = Debug|Any CPU
		{71150489-A46F-4AAB-B35C-409791E7FE96}.Debug|x64.Build.0 = Debug|Any CPU
		{71150489-A46F-4AAB-B35C-409791E7FE96}.Debug|x86.ActiveCfg = Debug|Any CPU
		{71150489-A46F-4AAB-B35C-409791E7FE96}.Debug|x86.Build.0 = Debug|Any CPU
		{71150489-A46F-4AAB-B35C-409791E7FE96}.Release|Any CPU.ActiveCfg = Release|Any CPU
		{71150489-A46F-4AAB-B35C-409791E7FE96}.Release|Any CPU.Build.0 = Release|Any CPU
		{71150489-A46F-4AAB-B35C-409791E7FE96}.Release|ARM.ActiveCfg = Release|Any CPU
		{71150489-A46F-4AAB-B35C-409791E7FE96}.Release|ARM.Build.0 = Release|Any CPU
		{71150489-A46F-4AAB-B35C-409791E7FE96}.Release|iPhone.ActiveCfg = Release|Any CPU
		{71150489-A46F-4AAB-B35C-409791E7FE96}.Release|iPhone.Build.0 = Release|Any CPU
		{71150489-A46F-4AAB-B35C-409791E7FE96}.Release|iPhoneSimulator.ActiveCfg = Release|Any CPU
		{71150489-A46F-4AAB-B35C-409791E7FE96}.Release|iPhoneSimulator.Build.0 = Release|Any CPU
		{71150489-A46F-4AAB-B35C-409791E7FE96}.Release|x64.ActiveCfg = Release|Any CPU
		{71150489-A46F-4AAB-B35C-409791E7FE96}.Release|x64.Build.0 = Release|Any CPU
		{71150489-A46F-4AAB-B35C-409791E7FE96}.Release|x86.ActiveCfg = Release|Any CPU
		{71150489-A46F-4AAB-B35C-409791E7FE96}.Release|x86.Build.0 = Release|Any CPU
	EndGlobalSection
	GlobalSection(SolutionProperties) = preSolution
		HideSolutionNode = FALSE
	EndGlobalSection
	GlobalSection(ExtensibilityGlobals) = postSolution
		SolutionGuid = {E22AAD9E-813F-43E1-A3E1-9BD7AD35B8E6}
	EndGlobalSection
EndGlobal
